# This file is automatically @generated by Poetry 1.8.3 and should not be changed by hand.

[[package]]
name = "anyio"
version = "4.6.2.post1"
description = "High level compatibility layer for multiple asynchronous event loop implementations"
optional = false
python-versions = ">=3.9"
files = [
    {file = "anyio-4.6.2.post1-py3-none-any.whl", hash = "sha256:6d170c36fba3bdd840c73d3868c1e777e33676a69c3a72cf0a0d5d6d8009b61d"},
    {file = "anyio-4.6.2.post1.tar.gz", hash = "sha256:4c8bc31ccdb51c7f7bd251f51c609e038d63e34219b44aa86e47576389880b4c"},
]

[package.dependencies]
exceptiongroup = {version = ">=1.0.2", markers = "python_version < \"3.11\""}
idna = ">=2.8"
sniffio = ">=1.1"
typing-extensions = {version = ">=4.1", markers = "python_version < \"3.11\""}

[package.extras]
doc = ["Sphinx (>=7.4,<8.0)", "packaging", "sphinx-autodoc-typehints (>=1.2.0)", "sphinx-rtd-theme"]
test = ["anyio[trio]", "coverage[toml] (>=7)", "exceptiongroup (>=1.2.0)", "hypothesis (>=4.0)", "psutil (>=5.9)", "pytest (>=7.0)", "pytest-mock (>=3.6.1)", "trustme", "truststore (>=0.9.1)", "uvloop (>=0.21.0b1)"]
trio = ["trio (>=0.26.1)"]

[[package]]
name = "certifi"
version = "2024.8.30"
description = "Python package for providing Mozilla's CA Bundle."
optional = false
python-versions = ">=3.6"
files = [
    {file = "certifi-2024.8.30-py3-none-any.whl", hash = "sha256:922820b53db7a7257ffbda3f597266d435245903d80737e34f8a45ff3e3230d8"},
    {file = "certifi-2024.8.30.tar.gz", hash = "sha256:bec941d2aa8195e248a60b31ff9f0558284cf01a52591ceda73ea9afffd69fd9"},
]

[[package]]
name = "cftime"
version = "1.6.4"
description = "Time-handling functionality from netcdf4-python"
optional = false
python-versions = ">=3.8"
files = [
    {file = "cftime-1.6.4-cp310-cp310-macosx_10_9_x86_64.whl", hash = "sha256:ee70074df4bae0d9ee98f201cf5f11fd302791cf1cdeb73c34f685d6b632e17d"},
    {file = "cftime-1.6.4-cp310-cp310-macosx_11_0_arm64.whl", hash = "sha256:e5456fd58d4cc6b8d7b4932b749617ee142b62a52bc5d8e3c282ce69ce3a20ba"},
    {file = "cftime-1.6.4-cp310-cp310-manylinux_2_17_aarch64.manylinux2014_aarch64.whl", hash = "sha256:1289e08617be350a6b26c6e4352a0cb088625ac33d25e95110df549c26d6ab8e"},
    {file = "cftime-1.6.4-cp310-cp310-manylinux_2_17_x86_64.manylinux2014_x86_64.whl", hash = "sha256:18b132d9225b4a109929866200846c72302316db9069e2de3ec8d8ec377f567f"},
    {file = "cftime-1.6.4-cp310-cp310-musllinux_1_2_x86_64.whl", hash = "sha256:ca1a264570e68fbb611bba251641b8efd0cf88c0ad2dcab5fa784df264232b75"},
    {file = "cftime-1.6.4-cp310-cp310-win_amd64.whl", hash = "sha256:6fc82928cbf477bebf233f41914e64bff7b9e894c7f0c34170784a48250f8da7"},
    {file = "cftime-1.6.4-cp311-cp311-macosx_10_9_x86_64.whl", hash = "sha256:c1558d9b477bd29626cd8bfc89e736635f72887d1a993e2834ab579bba7abb8c"},
    {file = "cftime-1.6.4-cp311-cp311-macosx_11_0_arm64.whl", hash = "sha256:03494e7b66a2fbb6b04e364ab67185130dee0ced660abac5c1559070571d143d"},
    {file = "cftime-1.6.4-cp311-cp311-manylinux_2_17_aarch64.manylinux2014_aarch64.whl", hash = "sha256:4dcb2a01d4e614437582af33b36db4fb441b7666758482864827a1f037d2b639"},
    {file = "cftime-1.6.4-cp311-cp311-manylinux_2_17_x86_64.manylinux2014_x86_64.whl", hash = "sha256:0b47bf25195fb3889bbae34df0e80957eb69c48f66902f5d538c7a8ec34253f6"},
    {file = "cftime-1.6.4-cp311-cp311-musllinux_1_2_x86_64.whl", hash = "sha256:d4f2cc0d5c6ffba9c5b0fd1ecd0c7c1c426d0be7b8de1480e2a9fb857c1905e9"},
    {file = "cftime-1.6.4-cp311-cp311-win_amd64.whl", hash = "sha256:76b8f1e5d1e424accdf760a43e0a1793a7b640bab83cb067273d5c9dbb336c44"},
    {file = "cftime-1.6.4-cp312-cp312-macosx_10_9_x86_64.whl", hash = "sha256:3c349a91fa7ac9ec50118b04a8746bdea967bd2fc525d87c776003040b8d3392"},
    {file = "cftime-1.6.4-cp312-cp312-macosx_11_0_arm64.whl", hash = "sha256:588d073400798adc24ece759cd1cb24ef730f55d1f70e31a898e7686f9d763d8"},
    {file = "cftime-1.6.4-cp312-cp312-manylinux_2_17_aarch64.manylinux2014_aarch64.whl", hash = "sha256:6e07b91b488570573bbeb6f815656a8974d13d15b2279c82de2927f4f692bbcd"},
    {file = "cftime-1.6.4-cp312-cp312-manylinux_2_17_x86_64.manylinux2014_x86_64.whl", hash = "sha256:f92f2e405eeda47b30ab6231d8b7d136a55f21034d394f93ade322d356948654"},
    {file = "cftime-1.6.4-cp312-cp312-musllinux_1_2_x86_64.whl", hash = "sha256:567574df94d0de1101bb5da76e7fbc6eabfddeeb2eb8cf83286b3599a136bbf7"},
    {file = "cftime-1.6.4-cp312-cp312-win_amd64.whl", hash = "sha256:5b5ad7559a16bedadb66af8e417b6805f758acb57aa38d2730844dfc63a1e667"},
    {file = "cftime-1.6.4-cp38-cp38-macosx_10_9_x86_64.whl", hash = "sha256:c072fe9e09925af66a9473edf5752ca1890ba752e7c1935d1f0245ad48f0977c"},
    {file = "cftime-1.6.4-cp38-cp38-macosx_11_0_arm64.whl", hash = "sha256:c05a71389f53d6340cb365b60f028c08268c72401660b9ef76108dee9f1cb5b2"},
    {file = "cftime-1.6.4-cp38-cp38-manylinux_2_17_aarch64.manylinux2014_aarch64.whl", hash = "sha256:0edeb1cb019d8155b2513cffb96749c0d7d459370e69bdf03077e0bee214aed8"},
    {file = "cftime-1.6.4-cp38-cp38-manylinux_2_17_x86_64.manylinux2014_x86_64.whl", hash = "sha256:a8f05d5d6bb4137f9783fa61ad330030fcea8dcc6946dea69a27774edbe480e7"},
    {file = "cftime-1.6.4-cp38-cp38-win_amd64.whl", hash = "sha256:b32ac1278a2a111b066d5a1e6e5ce6f38c4c505993a6a3130873b56f99d7b56f"},
    {file = "cftime-1.6.4-cp39-cp39-macosx_10_9_x86_64.whl", hash = "sha256:c20f03e12af39534c3450bba376272803bfb850b5ce6433c839bfaa99f8d835a"},
    {file = "cftime-1.6.4-cp39-cp39-macosx_11_0_arm64.whl", hash = "sha256:90609b3c1a31a756a68ecdbc961a4ce0b22c1620f166c8dabfa3a4c337ac8b9e"},
    {file = "cftime-1.6.4-cp39-cp39-manylinux_2_17_aarch64.manylinux2014_aarch64.whl", hash = "sha256:bbe11ad73b2a0ddc79995da21459fc2a3fd6b1593ca73f00a60e4d81c3e230f3"},
    {file = "cftime-1.6.4-cp39-cp39-manylinux_2_17_x86_64.manylinux2014_x86_64.whl", hash = "sha256:25f043703e785de0bd7cd8222c0a53317e9aeb3dfc062588b05e6f3ebb007468"},
    {file = "cftime-1.6.4-cp39-cp39-musllinux_1_2_x86_64.whl", hash = "sha256:f9acc272df1022f24fe7dbe9de43fa5d8271985161df14549e4d8d28c90dc9ea"},
    {file = "cftime-1.6.4-cp39-cp39-win_amd64.whl", hash = "sha256:e8467b6fbf8dbfe0be8c04d61180765fdd3b9ab0fe51313a0bbf87e63634a3d8"},
    {file = "cftime-1.6.4.tar.gz", hash = "sha256:e325406193758a7ed67308deb52e727782a19e384e183378e7ff62098be0aedc"},
]

[package.dependencies]
numpy = [
    {version = ">1.13.3", markers = "python_version < \"3.12.0.rc1\""},
    {version = ">=1.26.0b1", markers = "python_version >= \"3.12.0.rc1\""},
]

[[package]]
name = "click"
version = "8.1.7"
description = "Composable command line interface toolkit"
optional = false
python-versions = ">=3.7"
files = [
    {file = "click-8.1.7-py3-none-any.whl", hash = "sha256:ae74fb96c20a0277a1d615f1e4d73c8414f5a98db8b799a7931d1582f3390c28"},
    {file = "click-8.1.7.tar.gz", hash = "sha256:ca9853ad459e787e2192211578cc907e7594e294c7ccc834310722b41b9ca6de"},
]

[package.dependencies]
colorama = {version = "*", markers = "platform_system == \"Windows\""}

[[package]]
name = "colorama"
version = "0.4.6"
description = "Cross-platform colored terminal text."
optional = false
python-versions = "!=3.0.*,!=3.1.*,!=3.2.*,!=3.3.*,!=3.4.*,!=3.5.*,!=3.6.*,>=2.7"
files = [
    {file = "colorama-0.4.6-py2.py3-none-any.whl", hash = "sha256:4f1d9991f5acc0ca119f9d443620b77f9d6b33703e51011c16baf57afb285fc6"},
    {file = "colorama-0.4.6.tar.gz", hash = "sha256:08695f5cb7ed6e0531a20572697297273c47b8cae5a63ffc6d6ed5c201be6e44"},
]

[[package]]
name = "exceptiongroup"
version = "1.2.2"
description = "Backport of PEP 654 (exception groups)"
optional = false
python-versions = ">=3.7"
files = [
    {file = "exceptiongroup-1.2.2-py3-none-any.whl", hash = "sha256:3111b9d131c238bec2f8f516e123e14ba243563fb135d3fe885990585aa7795b"},
    {file = "exceptiongroup-1.2.2.tar.gz", hash = "sha256:47c2edf7c6738fafb49fd34290706d1a1a2f4d1c6df275526b62cbb4aa5393cc"},
]

[package.extras]
test = ["pytest (>=6)"]

[[package]]
name = "fastapi"
version = "0.95.2"
description = "FastAPI framework, high performance, easy to learn, fast to code, ready for production"
optional = false
python-versions = ">=3.7"
files = [
    {file = "fastapi-0.95.2-py3-none-any.whl", hash = "sha256:d374dbc4ef2ad9b803899bd3360d34c534adc574546e25314ab72c0c4411749f"},
    {file = "fastapi-0.95.2.tar.gz", hash = "sha256:4d9d3e8c71c73f11874bcf5e33626258d143252e329a01002f767306c64fb982"},
]

[package.dependencies]
pydantic = ">=1.6.2,<1.7 || >1.7,<1.7.1 || >1.7.1,<1.7.2 || >1.7.2,<1.7.3 || >1.7.3,<1.8 || >1.8,<1.8.1 || >1.8.1,<2.0.0"
starlette = ">=0.27.0,<0.28.0"

[package.extras]
all = ["email-validator (>=1.1.1)", "httpx (>=0.23.0)", "itsdangerous (>=1.1.0)", "jinja2 (>=2.11.2)", "orjson (>=3.2.1)", "python-multipart (>=0.0.5)", "pyyaml (>=5.3.1)", "ujson (>=4.0.1,!=4.0.2,!=4.1.0,!=4.2.0,!=4.3.0,!=5.0.0,!=5.1.0)", "uvicorn[standard] (>=0.12.0)"]
dev = ["pre-commit (>=2.17.0,<3.0.0)", "ruff (==0.0.138)", "uvicorn[standard] (>=0.12.0,<0.21.0)"]
doc = ["mdx-include (>=1.4.1,<2.0.0)", "mkdocs (>=1.1.2,<2.0.0)", "mkdocs-markdownextradata-plugin (>=0.1.7,<0.3.0)", "mkdocs-material (>=8.1.4,<9.0.0)", "pyyaml (>=5.3.1,<7.0.0)", "typer-cli (>=0.0.13,<0.0.14)", "typer[all] (>=0.6.1,<0.8.0)"]
test = ["anyio[trio] (>=3.2.1,<4.0.0)", "black (==23.1.0)", "coverage[toml] (>=6.5.0,<8.0)", "databases[sqlite] (>=0.3.2,<0.7.0)", "email-validator (>=1.1.1,<2.0.0)", "flask (>=1.1.2,<3.0.0)", "httpx (>=0.23.0,<0.24.0)", "isort (>=5.0.6,<6.0.0)", "mypy (==0.982)", "orjson (>=3.2.1,<4.0.0)", "passlib[bcrypt] (>=1.7.2,<2.0.0)", "peewee (>=3.13.3,<4.0.0)", "pytest (>=7.1.3,<8.0.0)", "python-jose[cryptography] (>=3.3.0,<4.0.0)", "python-multipart (>=0.0.5,<0.0.7)", "pyyaml (>=5.3.1,<7.0.0)", "ruff (==0.0.138)", "sqlalchemy (>=1.3.18,<1.4.43)", "types-orjson (==3.6.2)", "types-ujson (==5.7.0.1)", "ujson (>=4.0.1,!=4.0.2,!=4.1.0,!=4.2.0,!=4.3.0,!=5.0.0,!=5.1.0,<6.0.0)"]

[[package]]
name = "h11"
version = "0.14.0"
description = "A pure-Python, bring-your-own-I/O implementation of HTTP/1.1"
optional = false
python-versions = ">=3.7"
files = [
    {file = "h11-0.14.0-py3-none-any.whl", hash = "sha256:e3fe4ac4b851c468cc8363d500db52c2ead036020723024a109d37346efaa761"},
    {file = "h11-0.14.0.tar.gz", hash = "sha256:8f19fbbe99e72420ff35c00b27a34cb9937e902a8b810e2c88300c6f0a3b699d"},
]

[[package]]
name = "httpcore"
version = "0.16.3"
description = "A minimal low-level HTTP client."
optional = false
python-versions = ">=3.7"
files = [
    {file = "httpcore-0.16.3-py3-none-any.whl", hash = "sha256:da1fb708784a938aa084bde4feb8317056c55037247c787bd7e19eb2c2949dc0"},
    {file = "httpcore-0.16.3.tar.gz", hash = "sha256:c5d6f04e2fc530f39e0c077e6a30caa53f1451096120f1f38b954afd0b17c0cb"},
]

[package.dependencies]
anyio = ">=3.0,<5.0"
certifi = "*"
h11 = ">=0.13,<0.15"
sniffio = "==1.*"

[package.extras]
http2 = ["h2 (>=3,<5)"]
socks = ["socksio (==1.*)"]

[[package]]
name = "httpx"
version = "0.23.3"
description = "The next generation HTTP client."
optional = false
python-versions = ">=3.7"
files = [
    {file = "httpx-0.23.3-py3-none-any.whl", hash = "sha256:a211fcce9b1254ea24f0cd6af9869b3d29aba40154e947d2a07bb499b3e310d6"},
    {file = "httpx-0.23.3.tar.gz", hash = "sha256:9818458eb565bb54898ccb9b8b251a28785dd4a55afbc23d0eb410754fe7d0f9"},
]

[package.dependencies]
certifi = "*"
httpcore = ">=0.15.0,<0.17.0"
rfc3986 = {version = ">=1.3,<2", extras = ["idna2008"]}
sniffio = "*"

[package.extras]
brotli = ["brotli", "brotlicffi"]
cli = ["click (==8.*)", "pygments (==2.*)", "rich (>=10,<13)"]
http2 = ["h2 (>=3,<5)"]
socks = ["socksio (==1.*)"]

[[package]]
name = "idna"
version = "3.10"
description = "Internationalized Domain Names in Applications (IDNA)"
optional = false
python-versions = ">=3.6"
files = [
    {file = "idna-3.10-py3-none-any.whl", hash = "sha256:946d195a0d259cbba61165e88e65941f16e9b36ea6ddb97f00452bae8b1287d3"},
    {file = "idna-3.10.tar.gz", hash = "sha256:12f65c9b470abda6dc35cf8e63cc574b1c52b11df2c86030af0ac09b01b13ea9"},
]

[package.extras]
all = ["flake8 (>=7.1.1)", "mypy (>=1.11.2)", "pytest (>=8.3.2)", "ruff (>=0.6.2)"]

[[package]]
name = "iniconfig"
version = "2.0.0"
description = "brain-dead simple config-ini parsing"
optional = false
python-versions = ">=3.7"
files = [
    {file = "iniconfig-2.0.0-py3-none-any.whl", hash = "sha256:b6a85871a79d2e3b22d2d1b94ac2824226a63c6b741c88f7ae975f18b6778374"},
    {file = "iniconfig-2.0.0.tar.gz", hash = "sha256:2d91e135bf72d31a410b17c16da610a82cb55f6b0477d1a902134b24a455b8b3"},
]

[[package]]
name = "netcdf4"
version = "1.7.1.post2"
description = "Provides an object-oriented python interface to the netCDF version 4 library"
optional = false
python-versions = ">=3.8"
files = [
    {file = "netCDF4-1.7.1.post2-cp310-cp310-macosx_12_0_x86_64.whl", hash = "sha256:a1006ae117a754e3cf41a9e704032bf3837cbf53a695cd71deaad3e02e93d570"},
    {file = "netCDF4-1.7.1.post2-cp310-cp310-macosx_14_0_arm64.whl", hash = "sha256:7530d60cf6450d997ea0607f8b68b9b088f2382c42648cddf5e66e6f1280b692"},
    {file = "netCDF4-1.7.1.post2-cp310-cp310-manylinux_2_17_aarch64.manylinux2014_aarch64.whl", hash = "sha256:756a54cb212c9fc5d0ea74f7c661621821138ab8f63e818317330330cfd6165c"},
    {file = "netCDF4-1.7.1.post2-cp310-cp310-manylinux_2_17_x86_64.manylinux2014_x86_64.whl", hash = "sha256:156428fc63e2280e8bcab7f49531cde19fbba192c2ffdfb352c6a3f5e813a80b"},
    {file = "netCDF4-1.7.1.post2-cp310-cp310-win_amd64.whl", hash = "sha256:79d890ade8b8646bb2833c2b9565392cdf5e97e016cf0319693d13bd8c2dd511"},
    {file = "netCDF4-1.7.1.post2-cp311-cp311-macosx_12_0_x86_64.whl", hash = "sha256:b2700bd0a188637b740aa6ad09dbf9d21337fb1e0336f9859c2c6e9525404cc0"},
    {file = "netCDF4-1.7.1.post2-cp311-cp311-macosx_14_0_arm64.whl", hash = "sha256:914e210f76c4ce016aed32ba7dfad57e6316a38502bdcbd071fc74ee8fec73ec"},
    {file = "netCDF4-1.7.1.post2-cp311-cp311-manylinux_2_17_aarch64.manylinux2014_aarch64.whl", hash = "sha256:a98731d88889e41e9a92d67cad8ac9d9c4acba612a999db803bd082384462dea"},
    {file = "netCDF4-1.7.1.post2-cp311-cp311-manylinux_2_17_x86_64.manylinux2014_x86_64.whl", hash = "sha256:6369ed38ffd094fce44e066d0823b6420205d5825a715fe048146052b299754c"},
    {file = "netCDF4-1.7.1.post2-cp311-cp311-win_amd64.whl", hash = "sha256:9fe939ad543371b5ea46864ba6ac88532b2189ce139804b3187c241eb89a02a6"},
    {file = "netCDF4-1.7.1.post2-cp312-cp312-macosx_12_0_x86_64.whl", hash = "sha256:658f38ceb74bb127e293a47fa36f949babba0c872cf3091e2fdafa73caacc7e4"},
    {file = "netCDF4-1.7.1.post2-cp312-cp312-macosx_14_0_arm64.whl", hash = "sha256:5f396f150f97831229e47f449fe6acbca8ff9d08b2166560c46790aa6f11b56b"},
    {file = "netCDF4-1.7.1.post2-cp312-cp312-manylinux_2_17_aarch64.manylinux2014_aarch64.whl", hash = "sha256:0d5216369a0a4a868dadb5c4137d854810a309b9f9ef1d16786269fbeb244101"},
    {file = "netCDF4-1.7.1.post2-cp312-cp312-manylinux_2_17_x86_64.manylinux2014_x86_64.whl", hash = "sha256:12f8ab560320e879763b7837d6f8f5eb285195271f47fc5c18362e5b097ee67c"},
    {file = "netCDF4-1.7.1.post2-cp312-cp312-win_amd64.whl", hash = "sha256:2cbca7dcd92075aebe7c242e16f51f20bc5073b6f0f1449394dadc3c17e44b29"},
    {file = "netCDF4-1.7.1.post2-cp38-cp38-macosx_12_0_x86_64.whl", hash = "sha256:13dc0d3fa4d46e531f32fa0bb4068bdac35513114b9548ea49f92e85d9702afb"},
    {file = "netCDF4-1.7.1.post2-cp38-cp38-macosx_14_0_arm64.whl", hash = "sha256:f040aecec09a44388e1469725d471e8f1d491d4b70b27c8b2d45fd47db4e8abc"},
    {file = "netCDF4-1.7.1.post2-cp38-cp38-manylinux_2_17_aarch64.manylinux2014_aarch64.whl", hash = "sha256:0691d20fcc2d41cd0a15ef335a4f038ccaf07c013c4c79ad3e39993cac3c9bbb"},
    {file = "netCDF4-1.7.1.post2-cp38-cp38-manylinux_2_17_x86_64.manylinux2014_x86_64.whl", hash = "sha256:aa22721d9860181c03506c6d718b3a9daf8d07dcb35a466b376760f8eddfffe5"},
    {file = "netCDF4-1.7.1.post2-cp39-cp39-macosx_12_0_x86_64.whl", hash = "sha256:d92bd60dc2b4beba293d81912f3094b2854e9f492ce5e9b4a3ad4fbd725a29e8"},
    {file = "netCDF4-1.7.1.post2-cp39-cp39-macosx_14_0_arm64.whl", hash = "sha256:d8c015cd8c8582b351d715aed4c17da2e68493edaa59e91f6cf12756479fbd53"},
    {file = "netCDF4-1.7.1.post2-cp39-cp39-manylinux_2_17_aarch64.manylinux2014_aarch64.whl", hash = "sha256:6bc8ca705e39ac9f4d3950c908867d377f789e5bcc6f94e0a2bdadc4c4612f94"},
    {file = "netCDF4-1.7.1.post2-cp39-cp39-manylinux_2_17_x86_64.manylinux2014_x86_64.whl", hash = "sha256:98fef5b27a2325a50ec59793c96e5b1e9945061a390c1ea33d403ed91b7a2fb4"},
    {file = "netCDF4-1.7.1.post2-cp39-cp39-win_amd64.whl", hash = "sha256:294b24234fb71ee30640a451ed1428da3569f23383d35f905558093795f3609a"},
    {file = "netcdf4-1.7.1.post2.tar.gz", hash = "sha256:37d557e36654889d7020192bfb56f9d5f93894cb32997eb837ae586c538fd7b6"},
]

[package.dependencies]
certifi = "*"
cftime = "*"
numpy = "*"

[package.extras]
tests = ["Cython", "packaging", "pytest"]

[[package]]
name = "numpy"
version = "1.26.4"
description = "Fundamental package for array computing in Python"
optional = false
python-versions = ">=3.9"
files = [
    {file = "numpy-1.26.4-cp310-cp310-macosx_10_9_x86_64.whl", hash = "sha256:9ff0f4f29c51e2803569d7a51c2304de5554655a60c5d776e35b4a41413830d0"},
    {file = "numpy-1.26.4-cp310-cp310-macosx_11_0_arm64.whl", hash = "sha256:2e4ee3380d6de9c9ec04745830fd9e2eccb3e6cf790d39d7b98ffd19b0dd754a"},
    {file = "numpy-1.26.4-cp310-cp310-manylinux_2_17_aarch64.manylinux2014_aarch64.whl", hash = "sha256:d209d8969599b27ad20994c8e41936ee0964e6da07478d6c35016bc386b66ad4"},
    {file = "numpy-1.26.4-cp310-cp310-manylinux_2_17_x86_64.manylinux2014_x86_64.whl", hash = "sha256:ffa75af20b44f8dba823498024771d5ac50620e6915abac414251bd971b4529f"},
    {file = "numpy-1.26.4-cp310-cp310-musllinux_1_1_aarch64.whl", hash = "sha256:62b8e4b1e28009ef2846b4c7852046736bab361f7aeadeb6a5b89ebec3c7055a"},
    {file = "numpy-1.26.4-cp310-cp310-musllinux_1_1_x86_64.whl", hash = "sha256:a4abb4f9001ad2858e7ac189089c42178fcce737e4169dc61321660f1a96c7d2"},
    {file = "numpy-1.26.4-cp310-cp310-win32.whl", hash = "sha256:bfe25acf8b437eb2a8b2d49d443800a5f18508cd811fea3181723922a8a82b07"},
    {file = "numpy-1.26.4-cp310-cp310-win_amd64.whl", hash = "sha256:b97fe8060236edf3662adfc2c633f56a08ae30560c56310562cb4f95500022d5"},
    {file = "numpy-1.26.4-cp311-cp311-macosx_10_9_x86_64.whl", hash = "sha256:4c66707fabe114439db9068ee468c26bbdf909cac0fb58686a42a24de1760c71"},
    {file = "numpy-1.26.4-cp311-cp311-macosx_11_0_arm64.whl", hash = "sha256:edd8b5fe47dab091176d21bb6de568acdd906d1887a4584a15a9a96a1dca06ef"},
    {file = "numpy-1.26.4-cp311-cp311-manylinux_2_17_aarch64.manylinux2014_aarch64.whl", hash = "sha256:7ab55401287bfec946ced39700c053796e7cc0e3acbef09993a9ad2adba6ca6e"},
    {file = "numpy-1.26.4-cp311-cp311-manylinux_2_17_x86_64.manylinux2014_x86_64.whl", hash = "sha256:666dbfb6ec68962c033a450943ded891bed2d54e6755e35e5835d63f4f6931d5"},
    {file = "numpy-1.26.4-cp311-cp311-musllinux_1_1_aarch64.whl", hash = "sha256:96ff0b2ad353d8f990b63294c8986f1ec3cb19d749234014f4e7eb0112ceba5a"},
    {file = "numpy-1.26.4-cp311-cp311-musllinux_1_1_x86_64.whl", hash = "sha256:60dedbb91afcbfdc9bc0b1f3f402804070deed7392c23eb7a7f07fa857868e8a"},
    {file = "numpy-1.26.4-cp311-cp311-win32.whl", hash = "sha256:1af303d6b2210eb850fcf03064d364652b7120803a0b872f5211f5234b399f20"},
    {file = "numpy-1.26.4-cp311-cp311-win_amd64.whl", hash = "sha256:cd25bcecc4974d09257ffcd1f098ee778f7834c3ad767fe5db785be9a4aa9cb2"},
    {file = "numpy-1.26.4-cp312-cp312-macosx_10_9_x86_64.whl", hash = "sha256:b3ce300f3644fb06443ee2222c2201dd3a89ea6040541412b8fa189341847218"},
    {file = "numpy-1.26.4-cp312-cp312-macosx_11_0_arm64.whl", hash = "sha256:03a8c78d01d9781b28a6989f6fa1bb2c4f2d51201cf99d3dd875df6fbd96b23b"},
    {file = "numpy-1.26.4-cp312-cp312-manylinux_2_17_aarch64.manylinux2014_aarch64.whl", hash = "sha256:9fad7dcb1aac3c7f0584a5a8133e3a43eeb2fe127f47e3632d43d677c66c102b"},
    {file = "numpy-1.26.4-cp312-cp312-manylinux_2_17_x86_64.manylinux2014_x86_64.whl", hash = "sha256:675d61ffbfa78604709862923189bad94014bef562cc35cf61d3a07bba02a7ed"},
    {file = "numpy-1.26.4-cp312-cp312-musllinux_1_1_aarch64.whl", hash = "sha256:ab47dbe5cc8210f55aa58e4805fe224dac469cde56b9f731a4c098b91917159a"},
    {file = "numpy-1.26.4-cp312-cp312-musllinux_1_1_x86_64.whl", hash = "sha256:1dda2e7b4ec9dd512f84935c5f126c8bd8b9f2fc001e9f54af255e8c5f16b0e0"},
    {file = "numpy-1.26.4-cp312-cp312-win32.whl", hash = "sha256:50193e430acfc1346175fcbdaa28ffec49947a06918b7b92130744e81e640110"},
    {file = "numpy-1.26.4-cp312-cp312-win_amd64.whl", hash = "sha256:08beddf13648eb95f8d867350f6a018a4be2e5ad54c8d8caed89ebca558b2818"},
    {file = "numpy-1.26.4-cp39-cp39-macosx_10_9_x86_64.whl", hash = "sha256:7349ab0fa0c429c82442a27a9673fc802ffdb7c7775fad780226cb234965e53c"},
    {file = "numpy-1.26.4-cp39-cp39-macosx_11_0_arm64.whl", hash = "sha256:52b8b60467cd7dd1e9ed082188b4e6bb35aa5cdd01777621a1658910745b90be"},
    {file = "numpy-1.26.4-cp39-cp39-manylinux_2_17_aarch64.manylinux2014_aarch64.whl", hash = "sha256:d5241e0a80d808d70546c697135da2c613f30e28251ff8307eb72ba696945764"},
    {file = "numpy-1.26.4-cp39-cp39-manylinux_2_17_x86_64.manylinux2014_x86_64.whl", hash = "sha256:f870204a840a60da0b12273ef34f7051e98c3b5961b61b0c2c1be6dfd64fbcd3"},
    {file = "numpy-1.26.4-cp39-cp39-musllinux_1_1_aarch64.whl", hash = "sha256:679b0076f67ecc0138fd2ede3a8fd196dddc2ad3254069bcb9faf9a79b1cebcd"},
    {file = "numpy-1.26.4-cp39-cp39-musllinux_1_1_x86_64.whl", hash = "sha256:47711010ad8555514b434df65f7d7b076bb8261df1ca9bb78f53d3b2db02e95c"},
    {file = "numpy-1.26.4-cp39-cp39-win32.whl", hash = "sha256:a354325ee03388678242a4d7ebcd08b5c727033fcff3b2f536aea978e15ee9e6"},
    {file = "numpy-1.26.4-cp39-cp39-win_amd64.whl", hash = "sha256:3373d5d70a5fe74a2c1bb6d2cfd9609ecf686d47a2d7b1d37a8f3b6bf6003aea"},
    {file = "numpy-1.26.4-pp39-pypy39_pp73-macosx_10_9_x86_64.whl", hash = "sha256:afedb719a9dcfc7eaf2287b839d8198e06dcd4cb5d276a3df279231138e83d30"},
    {file = "numpy-1.26.4-pp39-pypy39_pp73-manylinux_2_17_x86_64.manylinux2014_x86_64.whl", hash = "sha256:95a7476c59002f2f6c590b9b7b998306fba6a5aa646b1e22ddfeaf8f78c3a29c"},
    {file = "numpy-1.26.4-pp39-pypy39_pp73-win_amd64.whl", hash = "sha256:7e50d0a0cc3189f9cb0aeb3a6a6af18c16f59f004b866cd2be1c14b36134a4a0"},
    {file = "numpy-1.26.4.tar.gz", hash = "sha256:2a02aba9ed12e4ac4eb3ea9421c420301a0c6460d9830d74a9df87efa4912010"},
]

[[package]]
name = "packaging"
version = "24.1"
description = "Core utilities for Python packages"
optional = false
python-versions = ">=3.8"
files = [
    {file = "packaging-24.1-py3-none-any.whl", hash = "sha256:5b8f2217dbdbd2f7f384c41c628544e6d52f2d0f53c6d0c3ea61aa5d1d7ff124"},
    {file = "packaging-24.1.tar.gz", hash = "sha256:026ed72c8ed3fcce5bf8950572258698927fd1dbda10a5e981cdf0ac37f4f002"},
]

[[package]]
name = "pandas"
version = "1.5.3"
description = "Powerful data structures for data analysis, time series, and statistics"
optional = false
python-versions = ">=3.8"
files = [
    {file = "pandas-1.5.3-cp310-cp310-macosx_10_9_universal2.whl", hash = "sha256:3749077d86e3a2f0ed51367f30bf5b82e131cc0f14260c4d3e499186fccc4406"},
    {file = "pandas-1.5.3-cp310-cp310-macosx_10_9_x86_64.whl", hash = "sha256:972d8a45395f2a2d26733eb8d0f629b2f90bebe8e8eddbb8829b180c09639572"},
    {file = "pandas-1.5.3-cp310-cp310-macosx_11_0_arm64.whl", hash = "sha256:50869a35cbb0f2e0cd5ec04b191e7b12ed688874bd05dd777c19b28cbea90996"},
    {file = "pandas-1.5.3-cp310-cp310-manylinux_2_17_aarch64.manylinux2014_aarch64.whl", hash = "sha256:c3ac844a0fe00bfaeb2c9b51ab1424e5c8744f89860b138434a363b1f620f354"},
    {file = "pandas-1.5.3-cp310-cp310-manylinux_2_17_x86_64.manylinux2014_x86_64.whl", hash = "sha256:7a0a56cef15fd1586726dace5616db75ebcfec9179a3a55e78f72c5639fa2a23"},
    {file = "pandas-1.5.3-cp310-cp310-win_amd64.whl", hash = "sha256:478ff646ca42b20376e4ed3fa2e8d7341e8a63105586efe54fa2508ee087f328"},
    {file = "pandas-1.5.3-cp311-cp311-macosx_10_9_universal2.whl", hash = "sha256:6973549c01ca91ec96199e940495219c887ea815b2083722821f1d7abfa2b4dc"},
    {file = "pandas-1.5.3-cp311-cp311-macosx_10_9_x86_64.whl", hash = "sha256:c39a8da13cede5adcd3be1182883aea1c925476f4e84b2807a46e2775306305d"},
    {file = "pandas-1.5.3-cp311-cp311-macosx_11_0_arm64.whl", hash = "sha256:f76d097d12c82a535fda9dfe5e8dd4127952b45fea9b0276cb30cca5ea313fbc"},
    {file = "pandas-1.5.3-cp311-cp311-manylinux_2_17_aarch64.manylinux2014_aarch64.whl", hash = "sha256:e474390e60ed609cec869b0da796ad94f420bb057d86784191eefc62b65819ae"},
    {file = "pandas-1.5.3-cp311-cp311-manylinux_2_17_x86_64.manylinux2014_x86_64.whl", hash = "sha256:5f2b952406a1588ad4cad5b3f55f520e82e902388a6d5a4a91baa8d38d23c7f6"},
    {file = "pandas-1.5.3-cp311-cp311-win_amd64.whl", hash = "sha256:bc4c368f42b551bf72fac35c5128963a171b40dce866fb066540eeaf46faa003"},
    {file = "pandas-1.5.3-cp38-cp38-macosx_10_9_universal2.whl", hash = "sha256:14e45300521902689a81f3f41386dc86f19b8ba8dd5ac5a3c7010ef8d2932813"},
    {file = "pandas-1.5.3-cp38-cp38-macosx_10_9_x86_64.whl", hash = "sha256:9842b6f4b8479e41968eced654487258ed81df7d1c9b7b870ceea24ed9459b31"},
    {file = "pandas-1.5.3-cp38-cp38-macosx_11_0_arm64.whl", hash = "sha256:26d9c71772c7afb9d5046e6e9cf42d83dd147b5cf5bcb9d97252077118543792"},
    {file = "pandas-1.5.3-cp38-cp38-manylinux_2_17_aarch64.manylinux2014_aarch64.whl", hash = "sha256:5fbcb19d6fceb9e946b3e23258757c7b225ba450990d9ed63ccceeb8cae609f7"},
    {file = "pandas-1.5.3-cp38-cp38-manylinux_2_17_x86_64.manylinux2014_x86_64.whl", hash = "sha256:565fa34a5434d38e9d250af3c12ff931abaf88050551d9fbcdfafca50d62babf"},
    {file = "pandas-1.5.3-cp38-cp38-win32.whl", hash = "sha256:87bd9c03da1ac870a6d2c8902a0e1fd4267ca00f13bc494c9e5a9020920e1d51"},
    {file = "pandas-1.5.3-cp38-cp38-win_amd64.whl", hash = "sha256:41179ce559943d83a9b4bbacb736b04c928b095b5f25dd2b7389eda08f46f373"},
    {file = "pandas-1.5.3-cp39-cp39-macosx_10_9_universal2.whl", hash = "sha256:c74a62747864ed568f5a82a49a23a8d7fe171d0c69038b38cedf0976831296fa"},
    {file = "pandas-1.5.3-cp39-cp39-macosx_10_9_x86_64.whl", hash = "sha256:c4c00e0b0597c8e4f59e8d461f797e5d70b4d025880516a8261b2817c47759ee"},
    {file = "pandas-1.5.3-cp39-cp39-macosx_11_0_arm64.whl", hash = "sha256:a50d9a4336a9621cab7b8eb3fb11adb82de58f9b91d84c2cd526576b881a0c5a"},
    {file = "pandas-1.5.3-cp39-cp39-manylinux_2_17_aarch64.manylinux2014_aarch64.whl", hash = "sha256:dd05f7783b3274aa206a1af06f0ceed3f9b412cf665b7247eacd83be41cf7bf0"},
    {file = "pandas-1.5.3-cp39-cp39-manylinux_2_17_x86_64.manylinux2014_x86_64.whl", hash = "sha256:9f69c4029613de47816b1bb30ff5ac778686688751a5e9c99ad8c7031f6508e5"},
    {file = "pandas-1.5.3-cp39-cp39-win32.whl", hash = "sha256:7cec0bee9f294e5de5bbfc14d0573f65526071029d036b753ee6507d2a21480a"},
    {file = "pandas-1.5.3-cp39-cp39-win_amd64.whl", hash = "sha256:dfd681c5dc216037e0b0a2c821f5ed99ba9f03ebcf119c7dac0e9a7b960b9ec9"},
    {file = "pandas-1.5.3.tar.gz", hash = "sha256:74a3fd7e5a7ec052f183273dc7b0acd3a863edf7520f5d3a1765c04ffdb3b0b1"},
]

[package.dependencies]
numpy = [
    {version = ">=1.23.2", markers = "python_version >= \"3.11\""},
    {version = ">=1.21.0", markers = "python_version >= \"3.10\" and python_version < \"3.11\""},
]
python-dateutil = ">=2.8.1"
pytz = ">=2020.1"

[package.extras]
test = ["hypothesis (>=5.5.3)", "pytest (>=6.0)", "pytest-xdist (>=1.31)"]

[[package]]
name = "pluggy"
version = "1.5.0"
description = "plugin and hook calling mechanisms for python"
optional = false
python-versions = ">=3.8"
files = [
    {file = "pluggy-1.5.0-py3-none-any.whl", hash = "sha256:44e1ad92c8ca002de6377e165f3e0f1be63266ab4d554740532335b9d75ea669"},
    {file = "pluggy-1.5.0.tar.gz", hash = "sha256:2cffa88e94fdc978c4c574f15f9e59b7f4201d439195c3715ca9e2486f1d0cf1"},
]

[package.extras]
dev = ["pre-commit", "tox"]
testing = ["pytest", "pytest-benchmark"]

[[package]]
name = "pydantic"
version = "1.10.18"
description = "Data validation and settings management using python type hints"
optional = false
python-versions = ">=3.7"
files = [
    {file = "pydantic-1.10.18-cp310-cp310-macosx_10_9_x86_64.whl", hash = "sha256:e405ffcc1254d76bb0e760db101ee8916b620893e6edfbfee563b3c6f7a67c02"},
    {file = "pydantic-1.10.18-cp310-cp310-macosx_11_0_arm64.whl", hash = "sha256:e306e280ebebc65040034bff1a0a81fd86b2f4f05daac0131f29541cafd80b80"},
    {file = "pydantic-1.10.18-cp310-cp310-manylinux_2_17_x86_64.manylinux2014_x86_64.whl", hash = "sha256:11d9d9b87b50338b1b7de4ebf34fd29fdb0d219dc07ade29effc74d3d2609c62"},
    {file = "pydantic-1.10.18-cp310-cp310-manylinux_2_5_i686.manylinux1_i686.manylinux_2_17_i686.manylinux2014_i686.whl", hash = "sha256:b661ce52c7b5e5f600c0c3c5839e71918346af2ef20062705ae76b5c16914cab"},
    {file = "pydantic-1.10.18-cp310-cp310-musllinux_1_1_i686.whl", hash = "sha256:c20f682defc9ef81cd7eaa485879ab29a86a0ba58acf669a78ed868e72bb89e0"},
    {file = "pydantic-1.10.18-cp310-cp310-musllinux_1_1_x86_64.whl", hash = "sha256:c5ae6b7c8483b1e0bf59e5f1843e4fd8fd405e11df7de217ee65b98eb5462861"},
    {file = "pydantic-1.10.18-cp310-cp310-win_amd64.whl", hash = "sha256:74fe19dda960b193b0eb82c1f4d2c8e5e26918d9cda858cbf3f41dd28549cb70"},
    {file = "pydantic-1.10.18-cp311-cp311-macosx_10_9_x86_64.whl", hash = "sha256:72fa46abace0a7743cc697dbb830a41ee84c9db8456e8d77a46d79b537efd7ec"},
    {file = "pydantic-1.10.18-cp311-cp311-macosx_11_0_arm64.whl", hash = "sha256:ef0fe7ad7cbdb5f372463d42e6ed4ca9c443a52ce544472d8842a0576d830da5"},
    {file = "pydantic-1.10.18-cp311-cp311-manylinux_2_17_x86_64.manylinux2014_x86_64.whl", hash = "sha256:a00e63104346145389b8e8f500bc6a241e729feaf0559b88b8aa513dd2065481"},
    {file = "pydantic-1.10.18-cp311-cp311-manylinux_2_5_i686.manylinux1_i686.manylinux_2_17_i686.manylinux2014_i686.whl", hash = "sha256:ae6fa2008e1443c46b7b3a5eb03800121868d5ab6bc7cda20b5df3e133cde8b3"},
    {file = "pydantic-1.10.18-cp311-cp311-musllinux_1_1_i686.whl", hash = "sha256:9f463abafdc92635da4b38807f5b9972276be7c8c5121989768549fceb8d2588"},
    {file = "pydantic-1.10.18-cp311-cp311-musllinux_1_1_x86_64.whl", hash = "sha256:3445426da503c7e40baccefb2b2989a0c5ce6b163679dd75f55493b460f05a8f"},
    {file = "pydantic-1.10.18-cp311-cp311-win_amd64.whl", hash = "sha256:467a14ee2183bc9c902579bb2f04c3d3dac00eff52e252850509a562255b2a33"},
    {file = "pydantic-1.10.18-cp312-cp312-macosx_10_9_x86_64.whl", hash = "sha256:efbc8a7f9cb5fe26122acba1852d8dcd1e125e723727c59dcd244da7bdaa54f2"},
    {file = "pydantic-1.10.18-cp312-cp312-macosx_11_0_arm64.whl", hash = "sha256:24a4a159d0f7a8e26bf6463b0d3d60871d6a52eac5bb6a07a7df85c806f4c048"},
    {file = "pydantic-1.10.18-cp312-cp312-manylinux_2_17_x86_64.manylinux2014_x86_64.whl", hash = "sha256:b74be007703547dc52e3c37344d130a7bfacca7df112a9e5ceeb840a9ce195c7"},
    {file = "pydantic-1.10.18-cp312-cp312-manylinux_2_5_i686.manylinux1_i686.manylinux_2_17_i686.manylinux2014_i686.whl", hash = "sha256:fcb20d4cb355195c75000a49bb4a31d75e4295200df620f454bbc6bdf60ca890"},
    {file = "pydantic-1.10.18-cp312-cp312-musllinux_1_1_i686.whl", hash = "sha256:46f379b8cb8a3585e3f61bf9ae7d606c70d133943f339d38b76e041ec234953f"},
    {file = "pydantic-1.10.18-cp312-cp312-musllinux_1_1_x86_64.whl", hash = "sha256:cbfbca662ed3729204090c4d09ee4beeecc1a7ecba5a159a94b5a4eb24e3759a"},
    {file = "pydantic-1.10.18-cp312-cp312-win_amd64.whl", hash = "sha256:c6d0a9f9eccaf7f438671a64acf654ef0d045466e63f9f68a579e2383b63f357"},
    {file = "pydantic-1.10.18-cp37-cp37m-macosx_10_9_x86_64.whl", hash = "sha256:3d5492dbf953d7d849751917e3b2433fb26010d977aa7a0765c37425a4026ff1"},
    {file = "pydantic-1.10.18-cp37-cp37m-manylinux_2_17_x86_64.manylinux2014_x86_64.whl", hash = "sha256:fe734914977eed33033b70bfc097e1baaffb589517863955430bf2e0846ac30f"},
    {file = "pydantic-1.10.18-cp37-cp37m-manylinux_2_5_i686.manylinux1_i686.manylinux_2_17_i686.manylinux2014_i686.whl", hash = "sha256:15fdbe568beaca9aacfccd5ceadfb5f1a235087a127e8af5e48df9d8a45ae85c"},
    {file = "pydantic-1.10.18-cp37-cp37m-musllinux_1_1_i686.whl", hash = "sha256:c3e742f62198c9eb9201781fbebe64533a3bbf6a76a91b8d438d62b813079dbc"},
    {file = "pydantic-1.10.18-cp37-cp37m-musllinux_1_1_x86_64.whl", hash = "sha256:19a3bd00b9dafc2cd7250d94d5b578edf7a0bd7daf102617153ff9a8fa37871c"},
    {file = "pydantic-1.10.18-cp37-cp37m-win_amd64.whl", hash = "sha256:2ce3fcf75b2bae99aa31bd4968de0474ebe8c8258a0110903478bd83dfee4e3b"},
    {file = "pydantic-1.10.18-cp38-cp38-macosx_10_9_x86_64.whl", hash = "sha256:335a32d72c51a313b33fa3a9b0fe283503272ef6467910338e123f90925f0f03"},
    {file = "pydantic-1.10.18-cp38-cp38-macosx_11_0_arm64.whl", hash = "sha256:34a3613c7edb8c6fa578e58e9abe3c0f5e7430e0fc34a65a415a1683b9c32d9a"},
    {file = "pydantic-1.10.18-cp38-cp38-manylinux_2_17_x86_64.manylinux2014_x86_64.whl", hash = "sha256:e9ee4e6ca1d9616797fa2e9c0bfb8815912c7d67aca96f77428e316741082a1b"},
    {file = "pydantic-1.10.18-cp38-cp38-manylinux_2_5_i686.manylinux1_i686.manylinux_2_17_i686.manylinux2014_i686.whl", hash = "sha256:23e8ec1ce4e57b4f441fc91e3c12adba023fedd06868445a5b5f1d48f0ab3682"},
    {file = "pydantic-1.10.18-cp38-cp38-musllinux_1_1_i686.whl", hash = "sha256:44ae8a3e35a54d2e8fa88ed65e1b08967a9ef8c320819a969bfa09ce5528fafe"},
    {file = "pydantic-1.10.18-cp38-cp38-musllinux_1_1_x86_64.whl", hash = "sha256:d5389eb3b48a72da28c6e061a247ab224381435256eb541e175798483368fdd3"},
    {file = "pydantic-1.10.18-cp38-cp38-win_amd64.whl", hash = "sha256:069b9c9fc645474d5ea3653788b544a9e0ccd3dca3ad8c900c4c6eac844b4620"},
    {file = "pydantic-1.10.18-cp39-cp39-macosx_10_9_x86_64.whl", hash = "sha256:80b982d42515632eb51f60fa1d217dfe0729f008e81a82d1544cc392e0a50ddf"},
    {file = "pydantic-1.10.18-cp39-cp39-macosx_11_0_arm64.whl", hash = "sha256:aad8771ec8dbf9139b01b56f66386537c6fe4e76c8f7a47c10261b69ad25c2c9"},
    {file = "pydantic-1.10.18-cp39-cp39-manylinux_2_17_x86_64.manylinux2014_x86_64.whl", hash = "sha256:941a2eb0a1509bd7f31e355912eb33b698eb0051730b2eaf9e70e2e1589cae1d"},
    {file = "pydantic-1.10.18-cp39-cp39-manylinux_2_5_i686.manylinux1_i686.manylinux_2_17_i686.manylinux2014_i686.whl", hash = "sha256:65f7361a09b07915a98efd17fdec23103307a54db2000bb92095457ca758d485"},
    {file = "pydantic-1.10.18-cp39-cp39-musllinux_1_1_i686.whl", hash = "sha256:6951f3f47cb5ca4da536ab161ac0163cab31417d20c54c6de5ddcab8bc813c3f"},
    {file = "pydantic-1.10.18-cp39-cp39-musllinux_1_1_x86_64.whl", hash = "sha256:7a4c5eec138a9b52c67f664c7d51d4c7234c5ad65dd8aacd919fb47445a62c86"},
    {file = "pydantic-1.10.18-cp39-cp39-win_amd64.whl", hash = "sha256:49e26c51ca854286bffc22b69787a8d4063a62bf7d83dc21d44d2ff426108518"},
    {file = "pydantic-1.10.18-py3-none-any.whl", hash = "sha256:06a189b81ffc52746ec9c8c007f16e5167c8b0a696e1a726369327e3db7b2a82"},
    {file = "pydantic-1.10.18.tar.gz", hash = "sha256:baebdff1907d1d96a139c25136a9bb7d17e118f133a76a2ef3b845e831e3403a"},
]

[package.dependencies]
typing-extensions = ">=4.2.0"

[package.extras]
dotenv = ["python-dotenv (>=0.10.4)"]
email = ["email-validator (>=1.0.3)"]

[[package]]
name = "pytest"
version = "7.4.4"
description = "pytest: simple powerful testing with Python"
optional = false
python-versions = ">=3.7"
files = [
    {file = "pytest-7.4.4-py3-none-any.whl", hash = "sha256:b090cdf5ed60bf4c45261be03239c2c1c22df034fbffe691abe93cd80cea01d8"},
    {file = "pytest-7.4.4.tar.gz", hash = "sha256:2cf0005922c6ace4a3e2ec8b4080eb0d9753fdc93107415332f50ce9e7994280"},
]

[package.dependencies]
colorama = {version = "*", markers = "sys_platform == \"win32\""}
exceptiongroup = {version = ">=1.0.0rc8", markers = "python_version < \"3.11\""}
iniconfig = "*"
packaging = "*"
pluggy = ">=0.12,<2.0"
tomli = {version = ">=1.0.0", markers = "python_version < \"3.11\""}

[package.extras]
testing = ["argcomplete", "attrs (>=19.2.0)", "hypothesis (>=3.56)", "mock", "nose", "pygments (>=2.7.2)", "requests", "setuptools", "xmlschema"]

[[package]]
name = "python-dateutil"
version = "2.9.0.post0"
description = "Extensions to the standard Python datetime module"
optional = false
python-versions = "!=3.0.*,!=3.1.*,!=3.2.*,>=2.7"
files = [
    {file = "python-dateutil-2.9.0.post0.tar.gz", hash = "sha256:37dd54208da7e1cd875388217d5e00ebd4179249f90fb72437e91a35459a0ad3"},
    {file = "python_dateutil-2.9.0.post0-py2.py3-none-any.whl", hash = "sha256:a8b2bc7bffae282281c8140a97d3aa9c14da0b136dfe83f850eea9a5f7470427"},
]

[package.dependencies]
six = ">=1.5"

[[package]]
name = "pytz"
version = "2024.2"
description = "World timezone definitions, modern and historical"
optional = false
python-versions = "*"
files = [
    {file = "pytz-2024.2-py2.py3-none-any.whl", hash = "sha256:31c7c1817eb7fae7ca4b8c7ee50c72f93aa2dd863de768e1ef4245d426aa0725"},
    {file = "pytz-2024.2.tar.gz", hash = "sha256:2aa355083c50a0f93fa581709deac0c9ad65cca8a9e9beac660adcbd493c798a"},
]

[[package]]
name = "rfc3986"
version = "1.5.0"
description = "Validating URI References per RFC 3986"
optional = false
python-versions = "*"
files = [
    {file = "rfc3986-1.5.0-py2.py3-none-any.whl", hash = "sha256:a86d6e1f5b1dc238b218b012df0aa79409667bb209e58da56d0b94704e712a97"},
    {file = "rfc3986-1.5.0.tar.gz", hash = "sha256:270aaf10d87d0d4e095063c65bf3ddbc6ee3d0b226328ce21e036f946e421835"},
]

[package.dependencies]
idna = {version = "*", optional = true, markers = "extra == \"idna2008\""}

[package.extras]
idna2008 = ["idna"]

[[package]]
name = "six"
version = "1.16.0"
description = "Python 2 and 3 compatibility utilities"
optional = false
python-versions = ">=2.7, !=3.0.*, !=3.1.*, !=3.2.*"
files = [
    {file = "six-1.16.0-py2.py3-none-any.whl", hash = "sha256:8abb2f1d86890a2dfb989f9a77cfcfd3e47c2a354b01111771326f8aa26e0254"},
    {file = "six-1.16.0.tar.gz", hash = "sha256:1e61c37477a1626458e36f7b1d82aa5c9b094fa4802892072e49de9c60c4c926"},
]

[[package]]
name = "sniffio"
version = "1.3.1"
description = "Sniff out which async library your code is running under"
optional = false
python-versions = ">=3.7"
files = [
    {file = "sniffio-1.3.1-py3-none-any.whl", hash = "sha256:2f6da418d1f1e0fddd844478f41680e794e6051915791a034ff65e5f100525a2"},
    {file = "sniffio-1.3.1.tar.gz", hash = "sha256:f4324edc670a0f49750a81b895f35c3adb843cca46f0530f79fc1babb23789dc"},
]

[[package]]
name = "starlette"
version = "0.27.0"
description = "The little ASGI library that shines."
optional = false
python-versions = ">=3.7"
files = [
    {file = "starlette-0.27.0-py3-none-any.whl", hash = "sha256:918416370e846586541235ccd38a474c08b80443ed31c578a418e2209b3eef91"},
    {file = "starlette-0.27.0.tar.gz", hash = "sha256:6a6b0d042acb8d469a01eba54e9cda6cbd24ac602c4cd016723117d6a7e73b75"},
]

[package.dependencies]
anyio = ">=3.4.0,<5"

[package.extras]
full = ["httpx (>=0.22.0)", "itsdangerous", "jinja2", "python-multipart", "pyyaml"]

[[package]]
name = "tomli"
version = "2.0.2"
description = "A lil' TOML parser"
optional = false
python-versions = ">=3.8"
files = [
    {file = "tomli-2.0.2-py3-none-any.whl", hash = "sha256:2ebe24485c53d303f690b0ec092806a085f07af5a5aa1464f3931eec36caaa38"},
    {file = "tomli-2.0.2.tar.gz", hash = "sha256:d46d457a85337051c36524bc5349dd91b1877838e2979ac5ced3e710ed8a60ed"},
]

[[package]]
name = "typing-extensions"
version = "4.12.2"
description = "Backported and Experimental Type Hints for Python 3.8+"
optional = false
python-versions = ">=3.8"
files = [
    {file = "typing_extensions-4.12.2-py3-none-any.whl", hash = "sha256:04e5ca0351e0f3f85c6853954072df659d0d13fac324d0072316b67d7794700d"},
    {file = "typing_extensions-4.12.2.tar.gz", hash = "sha256:1a7ead55c7e559dd4dee8856e3a88b41225abfe1ce8df57b7c13915fe121ffb8"},
]

[[package]]
name = "uvicorn"
version = "0.22.0"
description = "The lightning-fast ASGI server."
optional = false
python-versions = ">=3.7"
files = [
    {file = "uvicorn-0.22.0-py3-none-any.whl", hash = "sha256:e9434d3bbf05f310e762147f769c9f21235ee118ba2d2bf1155a7196448bd996"},
    {file = "uvicorn-0.22.0.tar.gz", hash = "sha256:79277ae03db57ce7d9aa0567830bbb51d7a612f54d6e1e3e92da3ef24c2c8ed8"},
]

[package.dependencies]
click = ">=7.0"
h11 = ">=0.8"

[package.extras]
standard = ["colorama (>=0.4)", "httptools (>=0.5.0)", "python-dotenv (>=0.13)", "pyyaml (>=5.1)", "uvloop (>=0.14.0,!=0.15.0,!=0.15.1)", "watchfiles (>=0.13)", "websockets (>=10.4)"]

[[package]]
name = "xarray"
version = "2023.12.0"
description = "N-D labeled arrays and datasets in Python"
optional = false
python-versions = ">=3.9"
files = [
    {file = "xarray-2023.12.0-py3-none-any.whl", hash = "sha256:3c22b6824681762b6c3fcad86dfd18960a617bccbc7f456ce21b43a20e455fb9"},
    {file = "xarray-2023.12.0.tar.gz", hash = "sha256:4565dbc890de47e278346c44d6b33bb07d3427383e077a7ca8ab6606196fd433"},
]

[package.dependencies]
numpy = ">=1.22"
packaging = ">=21.3"
pandas = ">=1.4"

[package.extras]
accel = ["bottleneck", "flox", "numbagg", "opt-einsum", "scipy"]
complete = ["xarray[accel,io,parallel,viz]"]
io = ["cftime", "fsspec", "h5netcdf", "netCDF4", "pooch", "pydap", "scipy", "zarr"]
parallel = ["dask[complete]"]
viz = ["matplotlib", "nc-time-axis", "seaborn"]

[metadata]
lock-version = "2.0"
python-versions = "^3.10"
content-hash = "ee8030856375afac9aa89ddbb8cd4504a9a292767efde4e5362230111984c196"
